// !$*UTF8*$!
{
	archiveVersion = 1;
	classes = {
	};
	objectVersion = 77;
	objects = {

/* Begin PBXBuildFile section */
		01D5C43F0A78EB27AC868855 /* WorklogBridge.swift in Sources */ = {isa = PBXBuildFile; fileRef = 798200D3CF513CB03A607995 /* WorklogBridge.swift */; };
		139144889D732DB69356296B /* SettingsView.swift in Sources */ = {isa = PBXBuildFile; fileRef = 10AB8FDD3F31A4CC87619A75 /* SettingsView.swift */; };
		1C4A357FB4737CF09A11813E /* ProjectSection.swift in Sources */ = {isa = PBXBuildFile; fileRef = DE773EE40C6DE8AAC59C8136 /* ProjectSection.swift */; };
		3E618BD837E24BC619D2108D /* MenubarView.swift in Sources */ = {isa = PBXBuildFile; fileRef = 34E18703B0EDF6A64B2D294C /* MenubarView.swift */; };
		590EE930B2E5FF18CCF33BBB /* GitIcon.swift in Sources */ = {isa = PBXBuildFile; fileRef = 3D19307BA16805F620C89059 /* GitIcon.swift */; };
		71F772A5D29812C1228B04B3 /* Assets.xcassets in Resources */ = {isa = PBXBuildFile; fileRef = ED1DE78FF3F66C3AE05F5576 /* Assets.xcassets */; };
		7A9D40EDF7C6967CADA5E9DC /* AppState.swift in Sources */ = {isa = PBXBuildFile; fileRef = 0A41B3237EF829E69D0440C0 /* AppState.swift */; };
		C78CBDE1516469CDA7CBE896 /* WorklogMenubarApp.swift in Sources */ = {isa = PBXBuildFile; fileRef = 346FA087A721539596228889 /* WorklogMenubarApp.swift */; };
		EC7B4D755C53A0993E5EB5CE /* WorklogData.swift in Sources */ = {isa = PBXBuildFile; fileRef = 48990FD33BED940AAD063308 /* WorklogData.swift */; };
/* End PBXBuildFile section */

/* Begin PBXFileReference section */
		0A41B3237EF829E69D0440C0 /* AppState.swift */ = {isa = PBXFileReference; lastKnownFileType = sourcecode.swift; path = AppState.swift; sourceTree = "<group>"; };
		10AB8FDD3F31A4CC87619A75 /* SettingsView.swift */ = {isa = PBXFileReference; lastKnownFileType = sourcecode.swift; path = SettingsView.swift; sourceTree = "<group>"; };
		346FA087A721539596228889 /* WorklogMenubarApp.swift */ = {isa = PBXFileReference; lastKnownFileType = sourcecode.swift; path = WorklogMenubarApp.swift; sourceTree = "<group>"; };
		34E18703B0EDF6A64B2D294C /* MenubarView.swift */ = {isa = PBXFileReference; lastKnownFileType = sourcecode.swift; path = MenubarView.swift; sourceTree = "<group>"; };
		3D19307BA16805F620C89059 /* GitIcon.swift */ = {isa = PBXFileReference; lastKnownFileType = sourcecode.swift; path = GitIcon.swift; sourceTree = "<group>"; };
		48990FD33BED940AAD063308 /* WorklogData.swift */ = {isa = PBXFileReference; lastKnownFileType = sourcecode.swift; path = WorklogData.swift; sourceTree = "<group>"; };
		798200D3CF513CB03A607995 /* WorklogBridge.swift */ = {isa = PBXFileReference; lastKnownFileType = sourcecode.swift; path = WorklogBridge.swift; sourceTree = "<group>"; };
		B3502D8BC6A3CDC5F3BD0AA7 /* WorklogMenubar.entitlements */ = {isa = PBXFileReference; lastKnownFileType = text.plist.entitlements; path = WorklogMenubar.entitlements; sourceTree = "<group>"; };
		C272DB1D64C23EF77E3C7CAC /* worklog.h */ = {isa = PBXFileReference; lastKnownFileType = sourcecode.c.h; path = worklog.h; sourceTree = "<group>"; };
		DE773EE40C6DE8AAC59C8136 /* ProjectSection.swift */ = {isa = PBXFileReference; lastKnownFileType = sourcecode.swift; path = ProjectSection.swift; sourceTree = "<group>"; };
		ED1DE78FF3F66C3AE05F5576 /* Assets.xcassets */ = {isa = PBXFileReference; lastKnownFileType = folder.assetcatalog; path = Assets.xcassets; sourceTree = "<group>"; };
		EFC0B65A3CB16EF562F19A07 /* Info.plist */ = {isa = PBXFileReference; lastKnownFileType = text.plist; path = Info.plist; sourceTree = "<group>"; };
		F716F5BBA711BA7E38C1E662 /* WorklogApp.app */ = {isa = PBXFileReference; explicitFileType = wrapper.application; includeInIndex = 0; path = WorklogApp.app; sourceTree = BUILT_PRODUCTS_DIR; };
/* End PBXFileReference section */

/* Begin PBXGroup section */
		0AAE5C277749914E8C6D8D95 /* Bridge */ = {
			isa = PBXGroup;
			children = (
				C272DB1D64C23EF77E3C7CAC /* worklog.h */,
				798200D3CF513CB03A607995 /* WorklogBridge.swift */,
			);
			path = Bridge;
			sourceTree = "<group>";
		};
		4562438C64221F6BEF70D7D7 /* Models */ = {
			isa = PBXGroup;
			children = (
				0A41B3237EF829E69D0440C0 /* AppState.swift */,
				48990FD33BED940AAD063308 /* WorklogData.swift */,
			);
			path = Models;
			sourceTree = "<group>";
		};
		6466673B778A35715DC06A49 = {
			isa = PBXGroup;
			children = (
				81B28DF2D25B4E358271AB6B /* WorklogMenubar */,
				BD3CAF1BF2404B4918A0ED4B /* Products */,
			);
			sourceTree = "<group>";
		};
		6583D2D1FE672174EDB21401 /* Views */ = {
			isa = PBXGroup;
			children = (
				34E18703B0EDF6A64B2D294C /* MenubarView.swift */,
				DE773EE40C6DE8AAC59C8136 /* ProjectSection.swift */,
				10AB8FDD3F31A4CC87619A75 /* SettingsView.swift */,
			);
			path = Views;
			sourceTree = "<group>";
		};
		81B28DF2D25B4E358271AB6B /* WorklogMenubar */ = {
			isa = PBXGroup;
			children = (
				ED1DE78FF3F66C3AE05F5576 /* Assets.xcassets */,
				3D19307BA16805F620C89059 /* GitIcon.swift */,
				EFC0B65A3CB16EF562F19A07 /* Info.plist */,
				B3502D8BC6A3CDC5F3BD0AA7 /* WorklogMenubar.entitlements */,
				346FA087A721539596228889 /* WorklogMenubarApp.swift */,
				0AAE5C277749914E8C6D8D95 /* Bridge */,
				4562438C64221F6BEF70D7D7 /* Models */,
				6583D2D1FE672174EDB21401 /* Views */,
			);
			path = WorklogMenubar;
			sourceTree = "<group>";
		};
		BD3CAF1BF2404B4918A0ED4B /* Products */ = {
			isa = PBXGroup;
			children = (
				F716F5BBA711BA7E38C1E662 /* WorklogApp.app */,
			);
			name = Products;
			sourceTree = "<group>";
		};
/* End PBXGroup section */

/* Begin PBXNativeTarget section */
		DD0F950FB6AE4DCA9E408E93 /* WorklogApp */ = {
			isa = PBXNativeTarget;
			buildConfigurationList = 6AF6085AEC758D64220F7923 /* Build configuration list for PBXNativeTarget "WorklogApp" */;
			buildPhases = (
				3EDF731482E4647A4583588B /* Build Rust FFI */,
				E9C61A02DDCEDE690AD9096C /* Sources */,
				0AD685A008671864E26F65B5 /* Resources */,
			);
			buildRules = (
			);
			dependencies = (
			);
			name = WorklogApp;
			packageProductDependencies = (
			);
			productName = WorklogApp;
			productReference = F716F5BBA711BA7E38C1E662 /* WorklogApp.app */;
			productType = "com.apple.product-type.application";
		};
/* End PBXNativeTarget section */

/* Begin PBXProject section */
		ED106F2BC717AD2D4D2009CF /* Project object */ = {
			isa = PBXProject;
			attributes = {
				BuildIndependentTargetsInParallel = YES;
				LastUpgradeCheck = 1600;
			};
			buildConfigurationList = 09927AE2214CD8CF24E10618 /* Build configuration list for PBXProject "WorklogApp" */;
			compatibilityVersion = "Xcode 14.0";
			developmentRegion = en;
			hasScannedForEncodings = 0;
			knownRegions = (
				Base,
				en,
			);
			mainGroup = 6466673B778A35715DC06A49;
			minimizedProjectReferenceProxies = 1;
			preferredProjectObjectVersion = 77;
			projectDirPath = "";
			projectRoot = "";
			targets = (
				DD0F950FB6AE4DCA9E408E93 /* WorklogApp */,
			);
		};
/* End PBXProject section */

/* Begin PBXResourcesBuildPhase section */
		0AD685A008671864E26F65B5 /* Resources */ = {
			isa = PBXResourcesBuildPhase;
			buildActionMask = 2147483647;
			files = (
				71F772A5D29812C1228B04B3 /* Assets.xcassets in Resources */,
			);
			runOnlyForDeploymentPostprocessing = 0;
		};
/* End PBXResourcesBuildPhase section */

/* Begin PBXShellScriptBuildPhase section */
		3EDF731482E4647A4583588B /* Build Rust FFI */ = {
			isa = PBXShellScriptBuildPhase;
			alwaysOutOfDate = 1;
			buildActionMask = 2147483647;
			files = (
			);
			inputFileListPaths = (
			);
			inputPaths = (
			);
			name = "Build Rust FFI";
			outputFileListPaths = (
			);
			outputPaths = (
			);
			runOnlyForDeploymentPostprocessing = 0;
			shellPath = /bin/sh;
			shellScript = "export PATH=\"$HOME/.cargo/bin:$PATH\"\ncd \"$PROJECT_DIR/worklog-ffi\"\ncargo build --release 2>&1\n";
		};
/* End PBXShellScriptBuildPhase section */

/* Begin PBXSourcesBuildPhase section */
		E9C61A02DDCEDE690AD9096C /* Sources */ = {
			isa = PBXSourcesBuildPhase;
			buildActionMask = 2147483647;
			files = (
				7A9D40EDF7C6967CADA5E9DC /* AppState.swift in Sources */,
				590EE930B2E5FF18CCF33BBB /* GitIcon.swift in Sources */,
				3E618BD837E24BC619D2108D /* MenubarView.swift in Sources */,
				1C4A357FB4737CF09A11813E /* ProjectSection.swift in Sources */,
				139144889D732DB69356296B /* SettingsView.swift in Sources */,
				01D5C43F0A78EB27AC868855 /* WorklogBridge.swift in Sources */,
				EC7B4D755C53A0993E5EB5CE /* WorklogData.swift in Sources */,
				C78CBDE1516469CDA7CBE896 /* WorklogMenubarApp.swift in Sources */,
			);
			runOnlyForDeploymentPostprocessing = 0;
		};
/* End PBXSourcesBuildPhase section */

/* Begin XCBuildConfiguration section */
		3B93A2AA56ECC347620C65E4 /* Debug */ = {
			isa = XCBuildConfiguration;
			buildSettings = {
				ASSETCATALOG_COMPILER_APPICON_NAME = AppIcon;
				CODE_SIGN_ENTITLEMENTS = WorklogMenubar/WorklogMenubar.entitlements;
				COMBINE_HIDPI_IMAGES = YES;
				CURRENT_PROJECT_VERSION = 1;
				HEADER_SEARCH_PATHS = "$(PROJECT_DIR)/WorklogMenubar/Bridge";
				INFOPLIST_FILE = WorklogMenubar/Info.plist;
				LD_RUNPATH_SEARCH_PATHS = (
					"$(inherited)",
					"@executable_path/../Frameworks",
				);
				LIBRARY_SEARCH_PATHS = "$(PROJECT_DIR)/worklog-ffi/target/release";
				MARKETING_VERSION = 0.1.0;
				OTHER_LDFLAGS = "-lworklog_ffi";
				PRODUCT_BUNDLE_IDENTIFIER = "com.konradmichalik.worklog-app";
				PRODUCT_NAME = WorklogApp;
				SDKROOT = macosx;
				SWIFT_OBJC_BRIDGING_HEADER = WorklogMenubar/Bridge/worklog.h;
				SWIFT_VERSION = 6.0;
			};
			name = Debug;
		};
		4873DE4DB990E170A5DCCFE2 /* Release */ = {
			isa = XCBuildConfiguration;
			buildSettings = {
				ASSETCATALOG_COMPILER_APPICON_NAME = AppIcon;
				CODE_SIGN_ENTITLEMENTS = WorklogMenubar/WorklogMenubar.entitlements;
				COMBINE_HIDPI_IMAGES = YES;
				CURRENT_PROJECT_VERSION = 1;
				HEADER_SEARCH_PATHS = "$(PROJECT_DIR)/WorklogMenubar/Bridge";
				INFOPLIST_FILE = WorklogMenubar/Info.plist;
				LD_RUNPATH_SEARCH_PATHS = (
					"$(inherited)",
					"@executable_path/../Frameworks",
				);
				LIBRARY_SEARCH_PATHS = "$(PROJECT_DIR)/worklog-ffi/target/release";
				MARKETING_VERSION = 0.1.0;
				OTHER_LDFLAGS = "-lworklog_ffi";
				PRODUCT_BUNDLE_IDENTIFIER = "com.konradmichalik.worklog-app";
				PRODUCT_NAME = WorklogApp;
				SDKROOT = macosx;
				SWIFT_OBJC_BRIDGING_HEADER = WorklogMenubar/Bridge/worklog.h;
				SWIFT_VERSION = 6.0;
			};
			name = Release;
		};
		4F9CCE5538423124B0878ED3 /* Release */ = {
			isa = XCBuildConfiguration;
			buildSettings = {
				ALWAYS_SEARCH_USER_PATHS = NO;
				CLANG_ANALYZER_NONNULL = YES;
				CLANG_ANALYZER_NUMBER_OBJECT_CONVERSION = YES_AGGRESSIVE;
				CLANG_CXX_LANGUAGE_STANDARD = "gnu++14";
				CLANG_CXX_LIBRARY = "libc++";
				CLANG_ENABLE_MODULES = YES;
				CLANG_ENABLE_OBJC_ARC = YES;
				CLANG_ENABLE_OBJC_WEAK = YES;
				CLANG_WARN_BLOCK_CAPTURE_AUTORELEASING = YES;
				CLANG_WARN_BOOL_CONVERSION = YES;
				CLANG_WARN_COMMA = YES;
				CLANG_WARN_CONSTANT_CONVERSION = YES;
				CLANG_WARN_DEPRECATED_OBJC_IMPLEMENTATIONS = YES;
				CLANG_WARN_DIRECT_OBJC_ISA_USAGE = YES_ERROR;
				CLANG_WARN_DOCUMENTATION_COMMENTS = YES;
				CLANG_WARN_EMPTY_BODY = YES;
				CLANG_WARN_ENUM_CONVERSION = YES;
				CLANG_WARN_INFINITE_RECURSION = YES;
				CLANG_WARN_INT_CONVERSION = YES;
				CLANG_WARN_NON_LITERAL_NULL_CONVERSION = YES;
				CLANG_WARN_OBJC_IMPLICIT_RETAIN_SELF = YES;
				CLANG_WARN_OBJC_LITERAL_CONVERSION = YES;
				CLANG_WARN_OBJC_ROOT_CLASS = YES_ERROR;
				CLANG_WARN_QUOTED_INCLUDE_IN_FRAMEWORK_HEADER = YES;
				CLANG_WARN_RANGE_LOOP_ANALYSIS = YES;
				CLANG_WARN_STRICT_PROTOTYPES = YES;
				CLANG_WARN_SUSPICIOUS_MOVE = YES;
				CLANG_WARN_UNGUARDED_AVAILABILITY = YES_AGGRESSIVE;
				CLANG_WARN_UNREACHABLE_CODE = YES;
				CLANG_WARN__DUPLICATE_METHOD_MATCH = YES;
				COPY_PHASE_STRIP = NO;
				DEBUG_INFORMATION_FORMAT = "dwarf-with-dsym";
				ENABLE_NS_ASSERTIONS = NO;
				ENABLE_STRICT_OBJC_MSGSEND = YES;
				GCC_C_LANGUAGE_STANDARD = gnu11;
				GCC_NO_COMMON_BLOCKS = YES;
				GCC_WARN_64_TO_32_BIT_CONVERSION = YES;
				GCC_WARN_ABOUT_RETURN_TYPE = YES_ERROR;
				GCC_WARN_UNDECLARED_SELECTOR = YES;
				GCC_WARN_UNINITIALIZED_AUTOS = YES_AGGRESSIVE;
				GCC_WARN_UNUSED_FUNCTION = YES;
				GCC_WARN_UNUSED_VARIABLE = YES;
				MACOSX_DEPLOYMENT_TARGET = 14.0;
				MTL_ENABLE_DEBUG_INFO = NO;
				MTL_FAST_MATH = YES;
				PRODUCT_NAME = "$(TARGET_NAME)";
				SDKROOT = macosx;
				SWIFT_COMPILATION_MODE = wholemodule;
				SWIFT_OPTIMIZATION_LEVEL = "-O";
				SWIFT_VERSION = 5.0;
			};
			name = Release;
		};
		CC7636F58CEF0CD26C0AE7C2 /* Debug */ = {
			isa = XCBuildConfiguration;
			buildSettings = {
				ALWAYS_SEARCH_USER_PATHS = NO;
				CLANG_ANALYZER_NONNULL = YES;
				CLANG_ANALYZER_NUMBER_OBJECT_CONVERSION = YES_AGGRESSIVE;
				CLANG_CXX_LANGUAGE_STANDARD = "gnu++14";
				CLANG_CXX_LIBRARY = "libc++";
				CLANG_ENABLE_MODULES = YES;
				CLANG_ENABLE_OBJC_ARC = YES;
				CLANG_ENABLE_OBJC_WEAK = YES;
				CLANG_WARN_BLOCK_CAPTURE_AUTORELEASING = YES;
				CLANG_WARN_BOOL_CONVERSION = YES;
				CLANG_WARN_COMMA = YES;
				CLANG_WARN_CONSTANT_CONVERSION = YES;
				CLANG_WARN_DEPRECATED_OBJC_IMPLEMENTATIONS = YES;
				CLANG_WARN_DIRECT_OBJC_ISA_USAGE = YES_ERROR;
				CLANG_WARN_DOCUMENTATION_COMMENTS = YES;
				CLANG_WARN_EMPTY_BODY = YES;
				CLANG_WARN_ENUM_CONVERSION = YES;
				CLANG_WARN_INFINITE_RECURSION = YES;
				CLANG_WARN_INT_CONVERSION = YES;
				CLANG_WARN_NON_LITERAL_NULL_CONVERSION = YES;
				CLANG_WARN_OBJC_IMPLICIT_RETAIN_SELF = YES;
				CLANG_WARN_OBJC_LITERAL_CONVERSION = YES;
				CLANG_WARN_OBJC_ROOT_CLASS = YES_ERROR;
				CLANG_WARN_QUOTED_INCLUDE_IN_FRAMEWORK_HEADER = YES;
				CLANG_WARN_RANGE_LOOP_ANALYSIS = YES;
				CLANG_WARN_STRICT_PROTOTYPES = YES;
				CLANG_WARN_SUSPICIOUS_MOVE = YES;
				CLANG_WARN_UNGUARDED_AVAILABILITY = YES_AGGRESSIVE;
				CLANG_WARN_UNREACHABLE_CODE = YES;
				CLANG_WARN__DUPLICATE_METHOD_MATCH = YES;
				COPY_PHASE_STRIP = NO;
				DEBUG_INFORMATION_FORMAT = dwarf;
				ENABLE_STRICT_OBJC_MSGSEND = YES;
				ENABLE_TESTABILITY = YES;
				GCC_C_LANGUAGE_STANDARD = gnu11;
				GCC_DYNAMIC_NO_PIC = NO;
				GCC_NO_COMMON_BLOCKS = YES;
				GCC_OPTIMIZATION_LEVEL = 0;
				GCC_PREPROCESSOR_DEFINITIONS = (
					"$(inherited)",
					"DEBUG=1",
				);
				GCC_WARN_64_TO_32_BIT_CONVERSION = YES;
				GCC_WARN_ABOUT_RETURN_TYPE = YES_ERROR;
				GCC_WARN_UNDECLARED_SELECTOR = YES;
				GCC_WARN_UNINITIALIZED_AUTOS = YES_AGGRESSIVE;
				GCC_WARN_UNUSED_FUNCTION = YES;
				GCC_WARN_UNUSED_VARIABLE = YES;
				MACOSX_DEPLOYMENT_TARGET = 14.0;
				MTL_ENABLE_DEBUG_INFO = INCLUDE_SOURCE;
				MTL_FAST_MATH = YES;
				ONLY_ACTIVE_ARCH = YES;
				PRODUCT_NAME = "$(TARGET_NAME)";
				SDKROOT = macosx;
				SWIFT_ACTIVE_COMPILATION_CONDITIONS = DEBUG;
				SWIFT_OPTIMIZATION_LEVEL = "-Onone";
				SWIFT_VERSION = 5.0;
			};
			name = Debug;
		};
/* End XCBuildConfiguration section */

/* Begin XCConfigurationList section */
		09927AE2214CD8CF24E10618 /* Build configuration list for PBXProject "WorklogApp" */ = {
			isa = XCConfigurationList;
			buildConfigurations = (
				CC7636F58CEF0CD26C0AE7C2 /* Debug */,
				4F9CCE5538423124B0878ED3 /* Release */,
			);
			defaultConfigurationIsVisible = 0;
			defaultConfigurationName = Debug;
		};
		6AF6085AEC758D64220F7923 /* Build configuration list for PBXNativeTarget "WorklogApp" */ = {
			isa = XCConfigurationList;
			buildConfigurations = (
				3B93A2AA56ECC347620C65E4 /* Debug */,
				4873DE4DB990E170A5DCCFE2 /* Release */,
			);
			defaultConfigurationIsVisible = 0;
			defaultConfigurationName = Debug;
		};
/* End XCConfigurationList section */
	};
	rootObject = ED106F2BC717AD2D4D2009CF /* Project object */;
}
